
Microsoft Visual Studio Solution File, Format Version 12.00
# Visual Studio Version 17
VisualStudioVersion = 17.9.34701.34
MinimumVisualStudioVersion = 10.0.40219.1
Project("{FAE04EC0-301F-11D3-BF4B-00C04F79EFBC}") = "ExamenMiltonDavila", "ExamenMiltonDavila\ExamenMiltonDavila.csproj", "{0A3C331B-9580-4F38-A648-DE2B03356BFC}"
EndProject
Global
	GlobalSection(SolutionConfigurationPlatforms) = preSolution
		Debug|Any CPU = Debug|Any CPU
		Release|Any CPU = Release|Any CPU
	EndGlobalSection
	GlobalSection(ProjectConfigurationPlatforms) = postSolution
		{0A3C331B-9580-4F38-A648-DE2B03356BFC}.Debug|Any CPU.ActiveCfg = Debug|Any CPU
		{0A3C331B-9580-4F38-A648-DE2B03356BFC}.Debug|Any CPU.Build.0 = Debug|Any CPU
		{0A3C331B-9580-4F38-A648-DE2B03356BFC}.Debug|Any CPU.Deploy.0 = Debug|Any CPU
		{0A3C331B-9580-4F38-A648-DE2B03356BFC}.Release|Any CPU.ActiveCfg = Release|Any CPU
		{0A3C331B-9580-4F38-A648-DE2B03356BFC}.Release|Any CPU.Build.0 = Release|Any CPU
		{0A3C331B-9580-4F38-A648-DE2B03356BFC}.Release|Any CPU.Deploy.0 = Release|Any CPU
	EndGlobalSection
	GlobalSection(SolutionProperties) = preSolution
		HideSolutionNode = FALSE
	EndGlobalSection
	GlobalSection(ExtensibilityGlobals) = postSolution
		SolutionGuid = {AA3158DF-4497-465E-9303-B815EF93C354}
	EndGlobalSection
EndGlobal
